# THIS IS AN AUTOGENERATED FILE. DO NOT EDIT THIS FILE DIRECTLY.
# yarn lockfile v1


"@textlint/ast-node-types@^3.0.0":
  version "3.0.1"
  resolved "https://registry.yarnpkg.com/@textlint/ast-node-types/-/ast-node-types-3.0.1.tgz#cf35e913aef798f0efac797144e167744a7857e8"

amp-create-callback@^1.0.0:
  version "1.0.1"
  resolved "https://registry.yarnpkg.com/amp-create-callback/-/amp-create-callback-1.0.1.tgz#51bb6f1491545d86e9bf236caff514bbb4578310"

amp-each@^1.0.1:
  version "1.0.1"
  resolved "https://registry.yarnpkg.com/amp-each/-/amp-each-1.0.1.tgz#0d6c8a33bf499c8b3de62322457c78b9eda5c00f"
  dependencies:
    amp-create-callback "^1.0.0"
    amp-keys "^1.0.0"

amp-has@^1.0.0:
  version "1.0.1"
  resolved "https://registry.yarnpkg.com/amp-has/-/amp-has-1.0.1.tgz#dcc58a090a4c6fc4947cdb6e8c410ed9ff5202c6"

amp-index-of@^1.0.0:
  version "1.1.0"
  resolved "https://registry.yarnpkg.com/amp-index-of/-/amp-index-of-1.1.0.tgz#d1d798ea57da552b021365b85b1e38ddf993b1c1"
  dependencies:
    amp-is-number "^1.0.0"

amp-is-number@^1.0.0:
  version "1.0.1"
  resolved "https://registry.yarnpkg.com/amp-is-number/-/amp-is-number-1.0.1.tgz#f430d2e65d1bbd2cc41dbd9afb7f03d3e328a314"

amp-is-object@^1.0.0:
  version "1.0.1"
  resolved "https://registry.yarnpkg.com/amp-is-object/-/amp-is-object-1.0.1.tgz#0a8cb5956b9112a16a73677e8cbad37bba247702"

amp-keys@^1.0.0:
  version "1.0.1"
  resolved "https://registry.yarnpkg.com/amp-keys/-/amp-keys-1.0.1.tgz#b721fb831da79881504f4eb44a39ed930a5bb129"
  dependencies:
    amp-has "^1.0.0"
    amp-index-of "^1.0.0"
    amp-is-object "^1.0.0"

analyze-desumasu-dearu@^2.1.2:
  version "2.1.5"
  resolved "https://registry.yarnpkg.com/analyze-desumasu-dearu/-/analyze-desumasu-dearu-2.1.5.tgz#9caa2a5a06146c20679f7dc9f3af527db6f68f41"

analyze-desumasu-dearu@^3.1.0:
  version "3.1.0"
  resolved "https://registry.yarnpkg.com/analyze-desumasu-dearu/-/analyze-desumasu-dearu-3.1.0.tgz#af36b948454c0783a431f2ab938a59f24d40e150"
  dependencies:
    array-find "^1.0.0"
    kuromojin "^1.2.1"
    object.assign "^4.0.3"

ansi-red@^0.1.1:
  version "0.1.1"
  resolved "https://registry.yarnpkg.com/ansi-red/-/ansi-red-0.1.1.tgz#8c638f9d1080800a353c9c28c8a81ca4705d946c"
  dependencies:
    ansi-wrap "0.1.0"

ansi-wrap@0.1.0:
  version "0.1.0"
  resolved "https://registry.yarnpkg.com/ansi-wrap/-/ansi-wrap-0.1.0.tgz#a82250ddb0015e9a27ca82e82ea603bbfa45efaf"

argparse@^1.0.7:
  version "1.0.9"
  resolved "https://registry.yarnpkg.com/argparse/-/argparse-1.0.9.tgz#73d83bc263f86e97f8cc4f6bae1b0e90a7d22c86"
  dependencies:
    sprintf-js "~1.0.2"

argparse@~0.1.15:
  version "0.1.16"
  resolved "https://registry.yarnpkg.com/argparse/-/argparse-0.1.16.tgz#cfd01e0fbba3d6caed049fbd758d40f65196f57c"
  dependencies:
    underscore "~1.7.0"
    underscore.string "~2.4.0"

array-find@^1.0.0:
  version "1.0.0"
  resolved "https://registry.yarnpkg.com/array-find/-/array-find-1.0.0.tgz#6c8e286d11ed768327f8e62ecee87353ca3e78b8"

array.prototype.find@^2.0.3:
  version "2.0.4"
  resolved "https://registry.yarnpkg.com/array.prototype.find/-/array.prototype.find-2.0.4.tgz#556a5c5362c08648323ddaeb9de9d14bc1864c90"
  dependencies:
    define-properties "^1.1.2"
    es-abstract "^1.7.0"

async@^2.0.1:
  version "2.5.0"
  resolved "https://registry.yarnpkg.com/async/-/async-2.5.0.tgz#843190fd6b7357a0b9e1c956edddd5ec8462b54d"
  dependencies:
    lodash "^4.14.0"

autolinker@~0.15.0:
  version "0.15.3"
  resolved "https://registry.yarnpkg.com/autolinker/-/autolinker-0.15.3.tgz#342417d8f2f3461b14cf09088d5edf8791dc9832"

balanced-match@^1.0.0:
  version "1.0.0"
  resolved "https://registry.yarnpkg.com/balanced-match/-/balanced-match-1.0.0.tgz#89b4d199ab2bee49de164ea02b89ce462d71b767"

boundary@^1.0.1:
  version "1.0.1"
  resolved "https://registry.yarnpkg.com/boundary/-/boundary-1.0.1.tgz#4d67dc2602c0cc16dd9bce7ebf87e948290f5812"

brace-expansion@^1.1.7:
  version "1.1.8"
  resolved "https://registry.yarnpkg.com/brace-expansion/-/brace-expansion-1.1.8.tgz#c07b211c7c952ec1f8efd51a77ef0d1d3990a292"
  dependencies:
    balanced-match "^1.0.0"
    concat-map "0.0.1"

browser-stdout@1.3.0:
  version "1.3.0"
  resolved "https://registry.yarnpkg.com/browser-stdout/-/browser-stdout-1.3.0.tgz#f351d32969d32fa5d7a5567154263d928ae3bd1f"

check-ends-with-period@^1.0.1:
  version "1.0.1"
  resolved "https://registry.yarnpkg.com/check-ends-with-period/-/check-ends-with-period-1.0.1.tgz#d7d29d614cbc3ed15ab54190f4fda4deaa3141d8"
  dependencies:
    array.prototype.find "^2.0.3"
    emoji-regex "^6.4.1"
    end-with "^1.0.2"

code-point@^1.0.1:
  version "1.1.0"
  resolved "https://registry.yarnpkg.com/code-point/-/code-point-1.1.0.tgz#999841f51f54ccae4a0dabbc869063234603fecd"

coffee-script@^1.12.4:
  version "1.12.7"
  resolved "https://registry.yarnpkg.com/coffee-script/-/coffee-script-1.12.7.tgz#c05dae0cb79591d05b3070a8433a98c9a89ccc53"

commander@2.11.0:
  version "2.11.0"
  resolved "https://registry.yarnpkg.com/commander/-/commander-2.11.0.tgz#157152fd1e7a6c8d98a5b715cf376df928004563"

commandpost@^1.0.1, commandpost@^1.2.1:
  version "1.2.1"
  resolved "https://registry.yarnpkg.com/commandpost/-/commandpost-1.2.1.tgz#2e9c4c7508b9dc704afefaa91cab92ee6054cc68"

concat-map@0.0.1:
  version "0.0.1"
  resolved "https://registry.yarnpkg.com/concat-map/-/concat-map-0.0.1.tgz#d8a96bd77fd68df7793a73036a3ba0d5405d477b"

concat-stream@^1.5.2:
  version "1.6.0"
  resolved "https://registry.yarnpkg.com/concat-stream/-/concat-stream-1.6.0.tgz#0aac662fd52be78964d5532f694784e70110acf7"
  dependencies:
    inherits "^2.0.3"
    readable-stream "^2.2.2"
    typedarray "^0.0.6"

core-util-is@~1.0.0:
  version "1.0.2"
  resolved "https://registry.yarnpkg.com/core-util-is/-/core-util-is-1.0.2.tgz#b5fd54220aa2bc5ab57aab7140c940754503c1a7"

debug@3.1.0:
  version "3.1.0"
  resolved "https://registry.yarnpkg.com/debug/-/debug-3.1.0.tgz#5bb5a0672628b64149566ba16819e61518c67261"
  dependencies:
    ms "2.0.0"

define-properties@^1.1.2:
  version "1.1.2"
  resolved "https://registry.yarnpkg.com/define-properties/-/define-properties-1.1.2.tgz#83a73f2fea569898fb737193c8f873caf6d45c94"
  dependencies:
    foreach "^2.0.5"
    object-keys "^1.0.8"

diacritics-map@^0.1.0:
  version "0.1.0"
  resolved "https://registry.yarnpkg.com/diacritics-map/-/diacritics-map-0.1.0.tgz#6dfc0ff9d01000a2edf2865371cac316e94977af"

diff@3.3.1:
  version "3.3.1"
  resolved "https://registry.yarnpkg.com/diff/-/diff-3.3.1.tgz#aa8567a6eed03c531fc89d3f711cd0e5259dec75"

diff@^3.3.0:
  version "3.4.0"
  resolved "https://registry.yarnpkg.com/diff/-/diff-3.4.0.tgz#b1d85507daf3964828de54b37d0d73ba67dda56c"

doublearray@0.0.2:
  version "0.0.2"
  resolved "https://registry.yarnpkg.com/doublearray/-/doublearray-0.0.2.tgz#63186fe8d34413276d3621f6aa0ec5f79e227ef9"

emoji-regex@^6.4.1:
  version "6.5.1"
  resolved "https://registry.yarnpkg.com/emoji-regex/-/emoji-regex-6.5.1.tgz#9baea929b155565c11ea41c6626eaa65cef992c2"

end-with@^1.0.2:
  version "1.0.2"
  resolved "https://registry.yarnpkg.com/end-with/-/end-with-1.0.2.tgz#a432755ab4f51e7fc74f3a719c6b81df5d668bdc"

es-abstract@^1.7.0:
  version "1.9.0"
  resolved "https://registry.yarnpkg.com/es-abstract/-/es-abstract-1.9.0.tgz#690829a07cae36b222e7fd9b75c0d0573eb25227"
  dependencies:
    es-to-primitive "^1.1.1"
    function-bind "^1.1.1"
    has "^1.0.1"
    is-callable "^1.1.3"
    is-regex "^1.0.4"

es-to-primitive@^1.1.1:
  version "1.1.1"
  resolved "https://registry.yarnpkg.com/es-to-primitive/-/es-to-primitive-1.1.1.tgz#45355248a88979034b6792e19bb81f2b7975dd0d"
  dependencies:
    is-callable "^1.1.1"
    is-date-object "^1.0.1"
    is-symbol "^1.0.1"

escape-string-regexp@1.0.5:
  version "1.0.5"
  resolved "https://registry.yarnpkg.com/escape-string-regexp/-/escape-string-regexp-1.0.5.tgz#1b61c0562190a8dff6ae3bb2cf0200ca130b86d4"

esprima@^4.0.0:
  version "4.0.0"
  resolved "https://registry.yarnpkg.com/esprima/-/esprima-4.0.0.tgz#4499eddcd1110e0b218bacf2fa7f7f59f55ca804"

expand-range@^1.8.1:
  version "1.8.2"
  resolved "https://registry.yarnpkg.com/expand-range/-/expand-range-1.8.2.tgz#a299effd335fe2721ebae8e257ec79644fc85337"
  dependencies:
    fill-range "^2.1.0"

extend-shallow@^2.0.1:
  version "2.0.1"
  resolved "https://registry.yarnpkg.com/extend-shallow/-/extend-shallow-2.0.1.tgz#51af7d614ad9a9f610ea1bafbb989d6b1c56890f"
  dependencies:
    is-extendable "^0.1.0"

fill-range@^2.1.0:
  version "2.2.3"
  resolved "https://registry.yarnpkg.com/fill-range/-/fill-range-2.2.3.tgz#50b77dfd7e469bc7492470963699fe7a8485a723"
  dependencies:
    is-number "^2.1.0"
    isobject "^2.0.0"
    randomatic "^1.1.3"
    repeat-element "^1.1.2"
    repeat-string "^1.5.2"

flatmap@0.0.3:
  version "0.0.3"
  resolved "https://registry.yarnpkg.com/flatmap/-/flatmap-0.0.3.tgz#1f18a4d938152d495965f9c958d923ab2dd669b4"

for-in@^1.0.2:
  version "1.0.2"
  resolved "https://registry.yarnpkg.com/for-in/-/for-in-1.0.2.tgz#81068d295a8142ec0ac726c6e2200c30fb6d5e80"

foreach@^2.0.5:
  version "2.0.5"
  resolved "https://registry.yarnpkg.com/foreach/-/foreach-2.0.5.tgz#0bee005018aeb260d0a3af3ae658dd0136ec1b99"

fs.realpath@^1.0.0:
  version "1.0.0"
  resolved "https://registry.yarnpkg.com/fs.realpath/-/fs.realpath-1.0.0.tgz#1504ad2523158caa40db4a2787cb01411994ea4f"

function-bind@^1.0.2, function-bind@^1.1.0, function-bind@^1.1.1:
  version "1.1.1"
  resolved "https://registry.yarnpkg.com/function-bind/-/function-bind-1.1.1.tgz#a56899d3ea3c9bab874bb9773b7c5ede92f4895d"

glob@7.1.2:
  version "7.1.2"
  resolved "https://registry.yarnpkg.com/glob/-/glob-7.1.2.tgz#c19c9df9a028702d678612384a6552404c636d15"
  dependencies:
    fs.realpath "^1.0.0"
    inflight "^1.0.4"
    inherits "2"
    minimatch "^3.0.4"
    once "^1.3.0"
    path-is-absolute "^1.0.0"

gray-matter@^2.1.0:
  version "2.1.1"
  resolved "https://registry.yarnpkg.com/gray-matter/-/gray-matter-2.1.1.tgz#3042d9adec2a1ded6a7707a9ed2380f8a17a430e"
  dependencies:
    ansi-red "^0.1.1"
    coffee-script "^1.12.4"
    extend-shallow "^2.0.1"
    js-yaml "^3.8.1"
    toml "^2.3.2"

growl@1.10.3:
  version "1.10.3"
  resolved "https://registry.yarnpkg.com/growl/-/growl-1.10.3.tgz#1926ba90cf3edfe2adb4927f5880bc22c66c790f"

has-flag@^2.0.0:
  version "2.0.0"
  resolved "https://registry.yarnpkg.com/has-flag/-/has-flag-2.0.0.tgz#e8207af1cc7b30d446cc70b734b5e8be18f88d51"

has@^1.0.1:
  version "1.0.1"
  resolved "https://registry.yarnpkg.com/has/-/has-1.0.1.tgz#8461733f538b0837c9361e39a9ab9e9704dc2f28"
  dependencies:
    function-bind "^1.0.2"

he@1.1.1:
  version "1.1.1"
  resolved "https://registry.yarnpkg.com/he/-/he-1.1.1.tgz#93410fd21b009735151f8868c2f271f3427e23fd"

inflight@^1.0.4:
  version "1.0.6"
  resolved "https://registry.yarnpkg.com/inflight/-/inflight-1.0.6.tgz#49bd6331d7d02d0c09bc910a1075ba8165b56df9"
  dependencies:
    once "^1.3.0"
    wrappy "1"

inherits@2, inherits@^2.0.3, inherits@~2.0.3:
  version "2.0.3"
  resolved "https://registry.yarnpkg.com/inherits/-/inherits-2.0.3.tgz#633c2c83e3da42a502f52466022480f4208261de"

is-buffer@^1.1.5:
  version "1.1.6"
  resolved "https://registry.yarnpkg.com/is-buffer/-/is-buffer-1.1.6.tgz#efaa2ea9daa0d7ab2ea13a97b2b8ad51fefbe8be"

is-callable@^1.1.1, is-callable@^1.1.3:
  version "1.1.3"
  resolved "https://registry.yarnpkg.com/is-callable/-/is-callable-1.1.3.tgz#86eb75392805ddc33af71c92a0eedf74ee7604b2"

is-date-object@^1.0.1:
  version "1.0.1"
  resolved "https://registry.yarnpkg.com/is-date-object/-/is-date-object-1.0.1.tgz#9aa20eb6aeebbff77fbd33e74ca01b33581d3a16"

is-extendable@^0.1.0, is-extendable@^0.1.1:
  version "0.1.1"
  resolved "https://registry.yarnpkg.com/is-extendable/-/is-extendable-0.1.1.tgz#62b110e289a471418e3ec36a617d472e301dfc89"

is-number@^2.1.0:
  version "2.1.0"
  resolved "https://registry.yarnpkg.com/is-number/-/is-number-2.1.0.tgz#01fcbbb393463a548f2f466cce16dece49db908f"
  dependencies:
    kind-of "^3.0.2"

is-number@^3.0.0:
  version "3.0.0"
  resolved "https://registry.yarnpkg.com/is-number/-/is-number-3.0.0.tgz#24fd6201a4782cf50561c810276afc7d12d71195"
  dependencies:
    kind-of "^3.0.2"

is-regex@^1.0.4:
  version "1.0.4"
  resolved "https://registry.yarnpkg.com/is-regex/-/is-regex-1.0.4.tgz#5517489b547091b0930e095654ced25ee97e9491"
  dependencies:
    has "^1.0.1"

is-symbol@^1.0.1:
  version "1.0.1"
  resolved "https://registry.yarnpkg.com/is-symbol/-/is-symbol-1.0.1.tgz#3cc59f00025194b6ab2e38dbae6689256b660572"

isarray@1.0.0, isarray@~1.0.0:
  version "1.0.0"
  resolved "https://registry.yarnpkg.com/isarray/-/isarray-1.0.0.tgz#bb935d48582cba168c06834957a54a3e07124f11"

isobject@^2.0.0:
  version "2.1.0"
  resolved "https://registry.yarnpkg.com/isobject/-/isobject-2.1.0.tgz#f065561096a3f1da2ef46272f815c840d87e0c89"
  dependencies:
    isarray "1.0.0"

isobject@^3.0.1:
  version "3.0.1"
  resolved "https://registry.yarnpkg.com/isobject/-/isobject-3.0.1.tgz#4e431e92b11a9731636aa1f9c8d1ccbcfdab78df"

japanese-numerals-to-number@^1.0.2:
  version "1.0.2"
  resolved "https://registry.yarnpkg.com/japanese-numerals-to-number/-/japanese-numerals-to-number-1.0.2.tgz#cbfcb18ca6e93a51b062f33a5e5d29d9d7693d94"

joyo-kanji@^0.2.1:
  version "0.2.1"
  resolved "https://registry.yarnpkg.com/joyo-kanji/-/joyo-kanji-0.2.1.tgz#5e2e8ea2b903ba9333f1680c66902fc9682ea592"

js-yaml@^3.6.1, js-yaml@^3.8.1, js-yaml@^3.9.1:
  version "3.10.0"
  resolved "https://registry.yarnpkg.com/js-yaml/-/js-yaml-3.10.0.tgz#2e78441646bd4682e963f22b6e92823c309c62dc"
  dependencies:
    argparse "^1.0.7"
    esprima "^4.0.0"

kind-of@^3.0.2:
  version "3.2.2"
  resolved "https://registry.yarnpkg.com/kind-of/-/kind-of-3.2.2.tgz#31ea21a734bab9bbb0f32466d893aea51e4a3c64"
  dependencies:
    is-buffer "^1.1.5"

kind-of@^4.0.0:
  version "4.0.0"
  resolved "https://registry.yarnpkg.com/kind-of/-/kind-of-4.0.0.tgz#20813df3d712928b207378691a45066fae72dd57"
  dependencies:
    is-buffer "^1.1.5"

kuromoji@0.1.1:
  version "0.1.1"
  resolved "https://registry.yarnpkg.com/kuromoji/-/kuromoji-0.1.1.tgz#4aabf39bcced8b8ad92d007a04a26be6da8477c9"
  dependencies:
    async "^2.0.1"
    doublearray "0.0.2"
    zlibjs "^0.2.0"

kuromojin@^1.0.2, kuromojin@^1.1.0, kuromojin@^1.2.1, kuromojin@^1.3.1, kuromojin@^1.3.2:
  version "1.4.0"
  resolved "https://registry.yarnpkg.com/kuromojin/-/kuromojin-1.4.0.tgz#2d955746736981e73d02dbfd20eeee8110cddab2"
  dependencies:
    kuromoji "0.1.1"

lazy-cache@^2.0.2:
  version "2.0.2"
  resolved "https://registry.yarnpkg.com/lazy-cache/-/lazy-cache-2.0.2.tgz#b9190a4f913354694840859f8a8f7084d8822264"
  dependencies:
    set-getter "^0.1.0"

list-item@^1.1.1:
  version "1.1.1"
  resolved "https://registry.yarnpkg.com/list-item/-/list-item-1.1.1.tgz#0c65d00e287cb663ccb3cb3849a77e89ec268a56"
  dependencies:
    expand-range "^1.8.1"
    extend-shallow "^2.0.1"
    is-number "^2.1.0"
    repeat-string "^1.5.2"

lodash@^4.14.0:
  version "4.17.4"
  resolved "https://registry.yarnpkg.com/lodash/-/lodash-4.17.4.tgz#78203a4d1c328ae1d86dca6460e369b57f4055ae"

markdown-link@^0.1.1:
  version "0.1.1"
  resolved "https://registry.yarnpkg.com/markdown-link/-/markdown-link-0.1.1.tgz#32c5c65199a6457316322d1e4229d13407c8c7cf"

markdown-toc@^1.0.2:
  version "1.2.0"
  resolved "https://registry.yarnpkg.com/markdown-toc/-/markdown-toc-1.2.0.tgz#44a15606844490314afc0444483f9e7b1122c339"
  dependencies:
    concat-stream "^1.5.2"
    diacritics-map "^0.1.0"
    gray-matter "^2.1.0"
    lazy-cache "^2.0.2"
    list-item "^1.1.1"
    markdown-link "^0.1.1"
    minimist "^1.2.0"
    mixin-deep "^1.1.3"
    object.pick "^1.2.0"
    remarkable "^1.7.1"
    repeat-string "^1.6.1"
    strip-color "^0.1.0"

match-index@^1.0.1:
  version "1.0.1"
  resolved "https://registry.yarnpkg.com/match-index/-/match-index-1.0.1.tgz#b4b673e99ab3ac5a6af303ccf4db709812bc3f58"
  dependencies:
    regexp.prototype.flags "^1.1.1"

minimatch@^3.0.4:
  version "3.0.4"
  resolved "https://registry.yarnpkg.com/minimatch/-/minimatch-3.0.4.tgz#5166e286457f03306064be5497e8dbb0c3d32083"
  dependencies:
    brace-expansion "^1.1.7"

minimist@0.0.8:
  version "0.0.8"
  resolved "https://registry.yarnpkg.com/minimist/-/minimist-0.0.8.tgz#857fcabfc3397d2625b8228262e86aa7a011b05d"

minimist@^1.2.0:
  version "1.2.0"
  resolved "https://registry.yarnpkg.com/minimist/-/minimist-1.2.0.tgz#a35008b20f41383eec1fb914f4cd5df79a264284"

mixin-deep@^1.1.3:
  version "1.2.0"
  resolved "https://registry.yarnpkg.com/mixin-deep/-/mixin-deep-1.2.0.tgz#d02b8c6f8b6d4b8f5982d3fd009c4919851c3fe2"
  dependencies:
    for-in "^1.0.2"
    is-extendable "^0.1.1"

mkdirp@0.5.1:
  version "0.5.1"
  resolved "https://registry.yarnpkg.com/mkdirp/-/mkdirp-0.5.1.tgz#30057438eac6cf7f8c4767f38648d6697d75c903"
  dependencies:
    minimist "0.0.8"

mocha@^5.0.0:
  version "5.0.0"
  resolved "https://registry.yarnpkg.com/mocha/-/mocha-5.0.0.tgz#cccac988b0bc5477119cba0e43de7af6d6ad8f4e"
  dependencies:
    browser-stdout "1.3.0"
    commander "2.11.0"
    debug "3.1.0"
    diff "3.3.1"
    escape-string-regexp "1.0.5"
    glob "7.1.2"
    growl "1.10.3"
    he "1.1.1"
    mkdirp "0.5.1"
    supports-color "4.4.0"

moji@^0.5.1:
  version "0.5.1"
  resolved "https://registry.yarnpkg.com/moji/-/moji-0.5.1.tgz#088eecd1c22c8f31a240adcf9c95e54f33eb54fb"
  dependencies:
    object-assign "^3.0.0"

morpheme-match-all@^1.1.0:
  version "1.1.0"
  resolved "https://registry.yarnpkg.com/morpheme-match-all/-/morpheme-match-all-1.1.0.tgz#97f05382eb89e3755d50839d77f959c111eae43e"
  dependencies:
    morpheme-match "^1.1.0"

morpheme-match@^1.0.1, morpheme-match@^1.1.0:
  version "1.1.0"
  resolved "https://registry.yarnpkg.com/morpheme-match/-/morpheme-match-1.1.0.tgz#d8f3330b95e5f27d1cb610f763285c724c25874a"

ms@2.0.0:
  version "2.0.0"
  resolved "https://registry.yarnpkg.com/ms/-/ms-2.0.0.tgz#5608aeadfc00be6c2901df5f9861788de0d597c8"

object-assign@^3.0.0:
  version "3.0.0"
  resolved "https://registry.yarnpkg.com/object-assign/-/object-assign-3.0.0.tgz#9bedd5ca0897949bca47e7ff408062d549f587f2"

object-assign@^4.0.1:
  version "4.1.1"
  resolved "https://registry.yarnpkg.com/object-assign/-/object-assign-4.1.1.tgz#2109adc7965887cfc05cbbd442cac8bfbb360863"

object-keys@^1.0.10, object-keys@^1.0.8:
  version "1.0.11"
  resolved "https://registry.yarnpkg.com/object-keys/-/object-keys-1.0.11.tgz#c54601778ad560f1142ce0e01bcca8b56d13426d"

object.assign@^4.0.3:
  version "4.0.4"
  resolved "https://registry.yarnpkg.com/object.assign/-/object.assign-4.0.4.tgz#b1c9cc044ef1b9fe63606fc141abbb32e14730cc"
  dependencies:
    define-properties "^1.1.2"
    function-bind "^1.1.0"
    object-keys "^1.0.10"

object.pick@^1.2.0:
  version "1.3.0"
  resolved "https://registry.yarnpkg.com/object.pick/-/object.pick-1.3.0.tgz#87a10ac4c1694bd2e1cbf53591a66141fb5dd747"
  dependencies:
    isobject "^3.0.1"

once@^1.3.0:
  version "1.4.0"
  resolved "https://registry.yarnpkg.com/once/-/once-1.4.0.tgz#583b1aa775961d4b113ac17d9c50baef9dd76bd1"
  dependencies:
    wrappy "1"

path-is-absolute@^1.0.0:
  version "1.0.1"
  resolved "https://registry.yarnpkg.com/path-is-absolute/-/path-is-absolute-1.0.1.tgz#174b9268735534ffbc7ace6bf53a5a9e1b5c5f5f"

prh@^1.0.1:
  version "1.1.0"
  resolved "https://registry.yarnpkg.com/prh/-/prh-1.1.0.tgz#1c22b2a1998daaa7445865e5c86fb30e5b8ebb33"
  dependencies:
    commandpost "^1.0.1"
    js-yaml "^3.6.1"

prh@^5.4.3:
  version "5.4.3"
  resolved "https://registry.yarnpkg.com/prh/-/prh-5.4.3.tgz#d3864a6de2f35c6603e33c700106dce01c22876d"
  dependencies:
    commandpost "^1.2.1"
    diff "^3.3.0"
    js-yaml "^3.9.1"

process-nextick-args@~1.0.6:
  version "1.0.7"
  resolved "https://registry.yarnpkg.com/process-nextick-args/-/process-nextick-args-1.0.7.tgz#150e20b756590ad3f91093f25a4f2ad8bff30ba3"

randomatic@^1.1.3:
  version "1.1.7"
  resolved "https://registry.yarnpkg.com/randomatic/-/randomatic-1.1.7.tgz#c7abe9cc8b87c0baa876b19fde83fd464797e38c"
  dependencies:
    is-number "^3.0.0"
    kind-of "^4.0.0"

readable-stream@^2.2.2:
  version "2.3.3"
  resolved "https://registry.yarnpkg.com/readable-stream/-/readable-stream-2.3.3.tgz#368f2512d79f9d46fdfc71349ae7878bbc1eb95c"
  dependencies:
    core-util-is "~1.0.0"
    inherits "~2.0.3"
    isarray "~1.0.0"
    process-nextick-args "~1.0.6"
    safe-buffer "~5.1.1"
    string_decoder "~1.0.3"
    util-deprecate "~1.0.1"

regexp.prototype.flags@^1.1.1:
  version "1.2.0"
  resolved "https://registry.yarnpkg.com/regexp.prototype.flags/-/regexp.prototype.flags-1.2.0.tgz#6b30724e306a27833eeb171b66ac8890ba37e41c"
  dependencies:
    define-properties "^1.1.2"

regx@^1.0.4:
  version "1.0.4"
  resolved "https://registry.yarnpkg.com/regx/-/regx-1.0.4.tgz#a0ee32c308910902019ca1117ed41b9ddd041b2f"

remarkable@^1.7.1:
  version "1.7.1"
  resolved "https://registry.yarnpkg.com/remarkable/-/remarkable-1.7.1.tgz#aaca4972100b66a642a63a1021ca4bac1be3bff6"
  dependencies:
    argparse "~0.1.15"
    autolinker "~0.15.0"

repeat-element@^1.1.2:
  version "1.1.2"
  resolved "https://registry.yarnpkg.com/repeat-element/-/repeat-element-1.1.2.tgz#ef089a178d1483baae4d93eb98b4f9e4e11d990a"

repeat-string@^1.5.2, repeat-string@^1.6.1:
  version "1.6.1"
  resolved "https://registry.yarnpkg.com/repeat-string/-/repeat-string-1.6.1.tgz#8dcae470e1c88abc2d600fff4a776286da75e637"

safe-buffer@~5.1.0, safe-buffer@~5.1.1:
  version "5.1.1"
  resolved "https://registry.yarnpkg.com/safe-buffer/-/safe-buffer-5.1.1.tgz#893312af69b2123def71f57889001671eeb2c853"

sentence-splitter@^1.2.0:
  version "1.2.0"
  resolved "https://registry.yarnpkg.com/sentence-splitter/-/sentence-splitter-1.2.0.tgz#c1c38414cf145ec717fd437cac20c988e0fd0d46"
  dependencies:
    structured-source "^3.0.2"

sentence-splitter@^2.0.0, sentence-splitter@^2.2.0:
  version "2.3.2"
  resolved "https://registry.yarnpkg.com/sentence-splitter/-/sentence-splitter-2.3.2.tgz#5ad33cd0e6ae171d58c88f6bfef16a9ed04f3a79"
  dependencies:
    concat-stream "^1.5.2"
    structured-source "^3.0.2"

sentence-splitter@^3.0.6:
  version "3.0.6"
  resolved "https://registry.yarnpkg.com/sentence-splitter/-/sentence-splitter-3.0.6.tgz#9e0ade1897f9fadd50feb35e0d9550e580f37aca"
  dependencies:
    "@textlint/ast-node-types" "^3.0.0"
    concat-stream "^1.5.2"
    structured-source "^3.0.2"

set-getter@^0.1.0:
  version "0.1.0"
  resolved "https://registry.yarnpkg.com/set-getter/-/set-getter-0.1.0.tgz#d769c182c9d5a51f409145f2fba82e5e86e80376"
  dependencies:
    to-object-path "^0.3.0"

sorted-array@^2.0.1:
  version "2.0.1"
  resolved "https://registry.yarnpkg.com/sorted-array/-/sorted-array-2.0.1.tgz#a93d5a71f94f0d115a1bb55b26d37582b438bdcc"

sorted-joyo-kanji@^0.2.0:
  version "0.2.0"
  resolved "https://registry.yarnpkg.com/sorted-joyo-kanji/-/sorted-joyo-kanji-0.2.0.tgz#34ae6bbaf0ee0a5e9165b2a4eeb51e2ab23e185c"
  dependencies:
    amp-each "^1.0.1"
    code-point "^1.0.1"
    joyo-kanji "^0.2.1"
    sorted-array "^2.0.1"

sprintf-js@~1.0.2:
  version "1.0.3"
  resolved "https://registry.yarnpkg.com/sprintf-js/-/sprintf-js-1.0.3.tgz#04e6926f662895354f3dd015203633b857297e2c"

string_decoder@~1.0.3:
  version "1.0.3"
  resolved "https://registry.yarnpkg.com/string_decoder/-/string_decoder-1.0.3.tgz#0fc67d7c141825de94282dd536bec6b9bce860ab"
  dependencies:
    safe-buffer "~5.1.0"

strip-color@^0.1.0:
  version "0.1.0"
  resolved "https://registry.yarnpkg.com/strip-color/-/strip-color-0.1.0.tgz#106f65d3d3e6a2d9401cac0eb0ce8b8a702b4f7b"

structured-source@^3.0.2:
  version "3.0.2"
  resolved "https://registry.yarnpkg.com/structured-source/-/structured-source-3.0.2.tgz#dd802425e0f53dc4a6e7aca3752901a1ccda7af5"
  dependencies:
    boundary "^1.0.1"

supports-color@4.4.0:
  version "4.4.0"
  resolved "https://registry.yarnpkg.com/supports-color/-/supports-color-4.4.0.tgz#883f7ddabc165142b2a61427f3352ded195d1a3e"
  dependencies:
    has-flag "^2.0.0"

textlint-rule-helper@^1.1.4, textlint-rule-helper@^1.1.5:
  version "1.2.0"
  resolved "https://registry.yarnpkg.com/textlint-rule-helper/-/textlint-rule-helper-1.2.0.tgz#be68d47a5146b16dd116278c9aeb7bd35631ccda"
  dependencies:
    unist-util-visit "^1.1.0"

textlint-rule-helper@^2.0.0:
  version "2.0.0"
  resolved "https://registry.yarnpkg.com/textlint-rule-helper/-/textlint-rule-helper-2.0.0.tgz#95cb4696c95c4258d2e3389e9e64b849f9721382"
  dependencies:
    unist-util-visit "^1.1.0"

textlint-rule-ja-no-abusage@^1.1.1:
  version "1.2.1"
  resolved "https://registry.yarnpkg.com/textlint-rule-ja-no-abusage/-/textlint-rule-ja-no-abusage-1.2.1.tgz#4faad660b0abe1fc05e87528f804cf22b7c73a78"
  dependencies:
    kuromojin "^1.3.1"
    morpheme-match "^1.0.1"
    textlint-rule-prh "^3.1.1"

textlint-rule-ja-no-mixed-period@^2.0.0:
  version "2.0.0"
  resolved "https://registry.yarnpkg.com/textlint-rule-ja-no-mixed-period/-/textlint-rule-ja-no-mixed-period-2.0.0.tgz#240dd04536327eff5e12b3e9d0be69f5ad10a851"
  dependencies:
    check-ends-with-period "^1.0.1"
    textlint-rule-helper "^2.0.0"

textlint-rule-ja-no-redundant-expression@^2.0.0:
  version "2.0.0"
  resolved "https://registry.yarnpkg.com/textlint-rule-ja-no-redundant-expression/-/textlint-rule-ja-no-redundant-expression-2.0.0.tgz#ef5e34f619005c9e5d5509b6eeceab11b9610f10"
  dependencies:
    kuromojin "^1.3.2"
    morpheme-match "^1.0.1"
    morpheme-match-all "^1.1.0"

textlint-rule-ja-no-successive-word@^1.0.1:
  version "1.0.2"
  resolved "https://registry.yarnpkg.com/textlint-rule-ja-no-successive-word/-/textlint-rule-ja-no-successive-word-1.0.2.tgz#e06ce4e2a23945c219c770ce6805498bb54ede81"
  dependencies:
    kuromojin "^1.3.1"

textlint-rule-ja-no-weak-phrase@^1.0.2:
  version "1.0.4"
  resolved "https://registry.yarnpkg.com/textlint-rule-ja-no-weak-phrase/-/textlint-rule-ja-no-weak-phrase-1.0.4.tgz#a3debc6ad2314ea106f2ccb8848be817ffacf203"
  dependencies:
    kuromojin "^1.3.1"
    morpheme-match "^1.0.1"
    morpheme-match-all "^1.1.0"

textlint-rule-max-comma@^1.0.2:
  version "1.0.4"
  resolved "https://registry.yarnpkg.com/textlint-rule-max-comma/-/textlint-rule-max-comma-1.0.4.tgz#f555c97e0d3039ca7da06cfd1afad0e5f5899a37"
  dependencies:
    sentence-splitter "^2.0.0"
    unist-util-filter "^0.2.1"

textlint-rule-max-kanji-continuous-len@^1.1.0:
  version "1.1.1"
  resolved "https://registry.yarnpkg.com/textlint-rule-max-kanji-continuous-len/-/textlint-rule-max-kanji-continuous-len-1.1.1.tgz#cbcc44488c06d36c65099e12f7977e3a15c3b77f"
  dependencies:
    match-index "^1.0.1"
    textlint-rule-helper "^2.0.0"

textlint-rule-max-ten@^2.0.1:
  version "2.0.3"
  resolved "https://registry.yarnpkg.com/textlint-rule-max-ten/-/textlint-rule-max-ten-2.0.3.tgz#dccbc0d0157ee86a7572ca00a47ab1fa577f0645"
  dependencies:
    kuromojin "^1.0.2"
    sentence-splitter "^2.0.0"
    structured-source "^3.0.2"
    textlint-rule-helper "^2.0.0"

textlint-rule-no-double-negative-ja@^1.0.4:
  version "1.0.5"
  resolved "https://registry.yarnpkg.com/textlint-rule-no-double-negative-ja/-/textlint-rule-no-double-negative-ja-1.0.5.tgz#ba30db424dc7ef84ceda6d103781b14cd20cc764"
  dependencies:
    kuromojin "^1.1.0"

textlint-rule-no-doubled-conjunction@^1.0.2:
  version "1.0.2"
  resolved "https://registry.yarnpkg.com/textlint-rule-no-doubled-conjunction/-/textlint-rule-no-doubled-conjunction-1.0.2.tgz#24c6e8014c6b2e184bc7a5d4c1a6ee13bb309930"
  dependencies:
    kuromojin "^1.1.0"
    sentence-splitter "^2.0.0"
    textlint-rule-helper "^1.1.5"
    textlint-util-to-string "^1.2.0"

textlint-rule-no-doubled-conjunctive-particle-ga@^1.0.2:
  version "1.0.2"
  resolved "https://registry.yarnpkg.com/textlint-rule-no-doubled-conjunctive-particle-ga/-/textlint-rule-no-doubled-conjunctive-particle-ga-1.0.2.tgz#b9cb679555aea2ab0d4ffcfa4dd2ffab71bf0057"
  dependencies:
    kuromojin "^1.1.0"
    sentence-splitter "^1.2.0"
    textlint-rule-helper "^1.1.5"
    textlint-util-to-string "^1.2.0"

textlint-rule-no-doubled-joshi@^3.3.0:
  version "3.5.1"
  resolved "https://registry.yarnpkg.com/textlint-rule-no-doubled-joshi/-/textlint-rule-no-doubled-joshi-3.5.1.tgz#759c6c5def8075f849d9a4df551c2d2a0815ba2f"
  dependencies:
    kuromojin "^1.2.1"
    sentence-splitter "^2.2.0"
    textlint-rule-helper "^1.1.4"
    textlint-util-to-string "^1.1.0"

textlint-rule-no-dropping-the-ra@^1.0.3:
  version "1.1.2"
  resolved "https://registry.yarnpkg.com/textlint-rule-no-dropping-the-ra/-/textlint-rule-no-dropping-the-ra-1.1.2.tgz#17d8c65986d7bd8014a4529303a2ba0b769a89d2"
  dependencies:
    kuromojin "^1.2.1"
    textlint-rule-helper "^1.1.4"

textlint-rule-no-exclamation-question-mark@^1.0.2:
  version "1.0.2"
  resolved "https://registry.yarnpkg.com/textlint-rule-no-exclamation-question-mark/-/textlint-rule-no-exclamation-question-mark-1.0.2.tgz#f3d812cfbaddc8224ca497d9b38b70dac554891c"
  dependencies:
    match-index "^1.0.1"
    textlint-rule-helper "^1.1.5"

textlint-rule-no-hankaku-kana@^1.0.1:
  version "1.0.2"
  resolved "https://registry.yarnpkg.com/textlint-rule-no-hankaku-kana/-/textlint-rule-no-hankaku-kana-1.0.2.tgz#6d3a936b18cd7021ebffca8d4111181dc159f4c8"
  dependencies:
    match-index "^1.0.1"
    textlint-rule-helper "^1.1.5"

textlint-rule-no-mix-dearu-desumasu@^3.0.2:
  version "3.0.3"
  resolved "https://registry.yarnpkg.com/textlint-rule-no-mix-dearu-desumasu/-/textlint-rule-no-mix-dearu-desumasu-3.0.3.tgz#ac4b8160b4f46644a4a40d62fe01d8db7670b7c3"
  dependencies:
    analyze-desumasu-dearu "^3.1.0"
    textlint-rule-helper "^2.0.0"
    unist-util-visit "^1.1.0"

textlint-rule-no-nfd@^1.0.1:
  version "1.0.1"
  resolved "https://registry.yarnpkg.com/textlint-rule-no-nfd/-/textlint-rule-no-nfd-1.0.1.tgz#bf483f844e641ef23ae3f82361421a9e53b5d65a"
  dependencies:
    match-index "^1.0.1"
    textlint-rule-helper "^1.1.5"
    unorm "^1.4.1"

textlint-rule-preset-jtf-style@^2.2.1:
  version "2.3.0"
  resolved "https://registry.yarnpkg.com/textlint-rule-preset-jtf-style/-/textlint-rule-preset-jtf-style-2.3.0.tgz#b21041afa47c277a406b72a01d4d45fd5ce26fc7"
  dependencies:
    analyze-desumasu-dearu "^2.1.2"
    japanese-numerals-to-number "^1.0.2"
    match-index "^1.0.1"
    moji "^0.5.1"
    regexp.prototype.flags "^1.1.1"
    regx "^1.0.4"
    sorted-joyo-kanji "^0.2.0"
    textlint-rule-helper "^2.0.0"
    textlint-rule-prh "^5.0.0"

textlint-rule-prh@^3.1.1:
  version "3.1.3"
  resolved "https://registry.yarnpkg.com/textlint-rule-prh/-/textlint-rule-prh-3.1.3.tgz#0bd87537dd15c884dcffdeef0afcf9147cb30fc6"
  dependencies:
    prh "^1.0.1"
    textlint-rule-helper "^2.0.0"
    untildify "^3.0.2"

textlint-rule-prh@^5.0.0:
  version "5.0.1"
  resolved "https://registry.yarnpkg.com/textlint-rule-prh/-/textlint-rule-prh-5.0.1.tgz#bab66be6b03258880f3fbf466b689ed2ff379b0c"
  dependencies:
    prh "^5.4.3"
    textlint-rule-helper "^2.0.0"
    untildify "^3.0.2"

textlint-rule-sentence-length@^2.0.0:
  version "2.0.0"
  resolved "https://registry.yarnpkg.com/textlint-rule-sentence-length/-/textlint-rule-sentence-length-2.0.0.tgz#75273298502a8464d7cbd9900121300d9b89e194"
  dependencies:
    sentence-splitter "^3.0.6"
    textlint-rule-helper "^2.0.0"
    textlint-util-to-string "^2.1.1"

textlint-util-to-string@^1.1.0, textlint-util-to-string@^1.2.0:
  version "1.2.1"
  resolved "https://registry.yarnpkg.com/textlint-util-to-string/-/textlint-util-to-string-1.2.1.tgz#1cf89956d27555a55e9588c06b35a50f0d1d46f9"
  dependencies:
    object-assign "^4.0.1"
    structured-source "^3.0.2"

textlint-util-to-string@^2.1.1:
  version "2.1.1"
  resolved "https://registry.yarnpkg.com/textlint-util-to-string/-/textlint-util-to-string-2.1.1.tgz#7e456f16a2abc07e473cb9591acf19f110def2d1"
  dependencies:
    object-assign "^4.0.1"
    structured-source "^3.0.2"

to-object-path@^0.3.0:
  version "0.3.0"
  resolved "https://registry.yarnpkg.com/to-object-path/-/to-object-path-0.3.0.tgz#297588b7b0e7e0ac08e04e672f85c1f4999e17af"
  dependencies:
    kind-of "^3.0.2"

toml@^2.3.2:
  version "2.3.3"
  resolved "https://registry.yarnpkg.com/toml/-/toml-2.3.3.tgz#8d683d729577cb286231dfc7a8affe58d31728fb"

typedarray@^0.0.6:
  version "0.0.6"
  resolved "https://registry.yarnpkg.com/typedarray/-/typedarray-0.0.6.tgz#867ac74e3864187b1d3d47d996a78ec5c8830777"

underscore.string@~2.4.0:
  version "2.4.0"
  resolved "https://registry.yarnpkg.com/underscore.string/-/underscore.string-2.4.0.tgz#8cdd8fbac4e2d2ea1e7e2e8097c42f442280f85b"

underscore@~1.7.0:
  version "1.7.0"
  resolved "https://registry.yarnpkg.com/underscore/-/underscore-1.7.0.tgz#6bbaf0877500d36be34ecaa584e0db9fef035209"

unist-util-filter@^0.2.1:
  version "0.2.1"
  resolved "https://registry.yarnpkg.com/unist-util-filter/-/unist-util-filter-0.2.1.tgz#e2f7876828903a6a9308e362051f86b14f35b545"
  dependencies:
    flatmap "0.0.3"
    unist-util-is "^1.0.0"

unist-util-is@^1.0.0:
  version "1.0.0"
  resolved "https://registry.yarnpkg.com/unist-util-is/-/unist-util-is-1.0.0.tgz#4c7b3c5c0f6aa963640056fe4af7b5fcfdbb8ef0"

unist-util-visit@^1.1.0:
  version "1.1.3"
  resolved "https://registry.yarnpkg.com/unist-util-visit/-/unist-util-visit-1.1.3.tgz#ec268e731b9d277a79a5b5aa0643990e405d600b"

unorm@^1.4.1:
  version "1.4.1"
  resolved "https://registry.yarnpkg.com/unorm/-/unorm-1.4.1.tgz#364200d5f13646ca8bcd44490271335614792300"

untildify@^3.0.2:
  version "3.0.2"
  resolved "https://registry.yarnpkg.com/untildify/-/untildify-3.0.2.tgz#7f1f302055b3fea0f3e81dc78eb36766cb65e3f1"

util-deprecate@~1.0.1:
  version "1.0.2"
  resolved "https://registry.yarnpkg.com/util-deprecate/-/util-deprecate-1.0.2.tgz#450d4dc9fa70de732762fbd2d4a28981419a0ccf"

wrappy@1:
  version "1.0.2"
  resolved "https://registry.yarnpkg.com/wrappy/-/wrappy-1.0.2.tgz#b5243d8f3ec1aa35f1364605bc0d1036e30ab69f"

zlibjs@^0.2.0:
  version "0.2.0"
  resolved "https://registry.yarnpkg.com/zlibjs/-/zlibjs-0.2.0.tgz#ae20f06243293d85c255563189f9b12f5b3ba1a0"
